
Microsoft Visual Studio Solution File, Format Version 12.00
# Visual Studio Version 16
VisualStudioVersion = 16.0.29215.179
MinimumVisualStudioVersion = 10.0.40219.1
Project("{9A19103F-16F7-4668-BE54-9A1E7A4F7556}") = "TDDCORE", "TDDCORE\TDDCORE.csproj", "{23828CF2-E5A1-418F-B6AF-E885635BF4DB}"
EndProject
Project("{9A19103F-16F7-4668-BE54-9A1E7A4F7556}") = "TDDCORE.tests", "TDDCORE.tests\TDDCORE.tests.csproj", "{CC6F8CB6-8B10-4B24-9735-66E00CFDB374}"
EndProject
Project("{FAE04EC0-301F-11D3-BF4B-00C04F79EFBC}") = "Kata-Bowling", "Kata-Bowling\Kata-Bowling.csproj", "{93D5AD91-6CE7-449F-B048-8F1C074CF539}"
EndProject
Global
	GlobalSection(SolutionConfigurationPlatforms) = preSolution
		Debug|Any CPU = Debug|Any CPU
		Release|Any CPU = Release|Any CPU
	EndGlobalSection
	GlobalSection(ProjectConfigurationPlatforms) = postSolution
		{23828CF2-E5A1-418F-B6AF-E885635BF4DB}.Debug|Any CPU.ActiveCfg = Debug|Any CPU
		{23828CF2-E5A1-418F-B6AF-E885635BF4DB}.Debug|Any CPU.Build.0 = Debug|Any CPU
		{23828CF2-E5A1-418F-B6AF-E885635BF4DB}.Release|Any CPU.ActiveCfg = Release|Any CPU
		{23828CF2-E5A1-418F-B6AF-E885635BF4DB}.Release|Any CPU.Build.0 = Release|Any CPU
		{CC6F8CB6-8B10-4B24-9735-66E00CFDB374}.Debug|Any CPU.ActiveCfg = Debug|Any CPU
		{CC6F8CB6-8B10-4B24-9735-66E00CFDB374}.Debug|Any CPU.Build.0 = Debug|Any CPU
		{CC6F8CB6-8B10-4B24-9735-66E00CFDB374}.Release|Any CPU.ActiveCfg = Release|Any CPU
		{CC6F8CB6-8B10-4B24-9735-66E00CFDB374}.Release|Any CPU.Build.0 = Release|Any CPU
		{93D5AD91-6CE7-449F-B048-8F1C074CF539}.Debug|Any CPU.ActiveCfg = Debug|Any CPU
		{93D5AD91-6CE7-449F-B048-8F1C074CF539}.Debug|Any CPU.Build.0 = Debug|Any CPU
		{93D5AD91-6CE7-449F-B048-8F1C074CF539}.Release|Any CPU.ActiveCfg = Release|Any CPU
		{93D5AD91-6CE7-449F-B048-8F1C074CF539}.Release|Any CPU.Build.0 = Release|Any CPU
	EndGlobalSection
	GlobalSection(SolutionProperties) = preSolution
		HideSolutionNode = FALSE
	EndGlobalSection
	GlobalSection(ExtensibilityGlobals) = postSolution
		SolutionGuid = {30CA741E-9F0F-451C-B5E0-B6421C813E7F}
	EndGlobalSection
EndGlobal
